
Microsoft Visual Studio Solution File, Format Version 12.00
# Visual Studio Version 17
VisualStudioVersion = 17.14.36705.20 d17.14
MinimumVisualStudioVersion = 10.0.40219.1
Project("{FAE04EC0-301F-11D3-BF4B-00C04F79EFBC}") = "FURNITRACK", "FURNITRACK.csproj", "{59F02EAF-16CF-415D-AC04-7E51ED781D3A}"
EndProject
Global
	GlobalSection(SolutionConfigurationPlatforms) = preSolution
		Debug|Any CPU = Debug|Any CPU
		Release|Any CPU = Release|Any CPU
	EndGlobalSection
	GlobalSection(ProjectConfigurationPlatforms) = postSolution
		{59F02EAF-16CF-415D-AC04-7E51ED781D3A}.Debug|Any CPU.ActiveCfg = Debug|Any CPU
		{59F02EAF-16CF-415D-AC04-7E51ED781D3A}.Debug|Any CPU.Build.0 = Debug|Any CPU
		{59F02EAF-16CF-415D-AC04-7E51ED781D3A}.Release|Any CPU.ActiveCfg = Release|Any CPU
		{59F02EAF-16CF-415D-AC04-7E51ED781D3A}.Release|Any CPU.Build.0 = Release|Any CPU
	EndGlobalSection
	GlobalSection(SolutionProperties) = preSolution
		HideSolutionNode = FALSE
	EndGlobalSection
	GlobalSection(ExtensibilityGlobals) = postSolution
		SolutionGuid = {824D8382-75A2-40D1-9234-A8DDD4CA3B99}
	EndGlobalSection
EndGlobal
